<?xml version="1.0" encoding="utf-8"?>
<Project ToolsVersion="4.0" xmlns="http://schemas.microsoft.com/developer/msbuild/2003">
  <ItemGroup>
    <Filter Include="Source">
      <UniqueIdentifier>{9441621b-2f14-401d-a95b-073b38c36344}</UniqueIdentifier>
    </Filter>
    <Filter Include="Source\D3D12">
      <UniqueIdentifier>{0dade93a-cbc1-4a55-9920-af1c3ed18e07}</UniqueIdentifier>
    </Filter>
    <Filter Include="Source\RenderDoc">
      <UniqueIdentifier>{dfb55959-32d4-4175-a338-28282183fe0c}</UniqueIdentifier>
    </Filter>
  </ItemGroup>
  <ItemGroup>
    <ClInclude Include="SuspendedRelease.h">
      <Filter>Source</Filter>
    </ClInclude>
    <ClInclude Include="SuspendedRelease_inl.h">
      <Filter>Source</Filter>
    </ClInclude>
    <ClInclude Include="D3D12\D3D12DescriptorAllocator.h">
      <Filter>Source\D3D12</Filter>
    </ClInclude>
    <ClInclude Include="D3D12\D3D12DescriptorHeap.h">
      <Filter>Source\D3D12</Filter>
    </ClInclude>
    <ClInclude Include="D3D12\D3D12Device.h">
      <Filter>Source\D3D12</Filter>
    </ClInclude>
    <ClInclude Include="D3D12\D3D12Headers.h">
      <Filter>Source\D3D12</Filter>
    </ClInclude>
    <ClInclude Include="D3D12\D3D12RenderTarget.h">
      <Filter>Source\D3D12</Filter>
    </ClInclude>
    <ClInclude Include="D3D12\D3D12Resource.h">
      <Filter>Source\D3D12</Filter>
    </ClInclude>
    <ClInclude Include="D3D12\D3D12ResourceView.h">
      <Filter>Source\D3D12</Filter>
    </ClInclude>
    <ClInclude Include="D3D12\D3D12Utils.h">
      <Filter>Source\D3D12</Filter>
    </ClInclude>
    <ClInclude Include="RenderPch.h">
      <Filter>Source</Filter>
    </ClInclude>
    <ClInclude Include="RenderMacros.h">
      <Filter>Source</Filter>
    </ClInclude>
    <ClInclude Include="D3D12\D3D12PipelineState.h">
      <Filter>Source\D3D12</Filter>
    </ClInclude>
    <ClInclude Include="Texture.h">
      <Filter>Source</Filter>
    </ClInclude>
    <ClInclude Include="ScreenRenderer.h">
      <Filter>Source</Filter>
    </ClInclude>
    <ClInclude Include="D3D12\D3D12CommandContext.h">
      <Filter>Source\D3D12</Filter>
    </ClInclude>
    <ClInclude Include="D3D12\D3D12PipelinePass.h">
      <Filter>Source\D3D12</Filter>
    </ClInclude>
    <ClInclude Include="D3D12\D3D12Shader.h">
      <Filter>Source\D3D12</Filter>
    </ClInclude>
    <ClInclude Include="D3D12\D3D12ConstantBuffer.h">
      <Filter>Source\D3D12</Filter>
    </ClInclude>
    <ClInclude Include="RenderDoc\RenderDocIntegration.h">
      <Filter>Source\RenderDoc</Filter>
    </ClInclude>
    <ClInclude Include="RenderModule.h">
      <Filter>Source</Filter>
    </ClInclude>
    <ClInclude Include="D3D12\D3D12Geometry.h">
      <Filter>Source\D3D12</Filter>
    </ClInclude>
    <ClInclude Include="D3D12\D3D12Geometry_inl.h">
      <Filter>Source\D3D12</Filter>
    </ClInclude>
    <ClInclude Include="D3D12\D3D12GpuQueue.h">
      <Filter>Source\D3D12</Filter>
    </ClInclude>
  </ItemGroup>
  <ItemGroup>
    <ClCompile Include="D3D12\D3D12DescriptorAllocator.cpp">
      <Filter>Source\D3D12</Filter>
    </ClCompile>
    <ClCompile Include="D3D12\D3D12DescriptorHeap.cpp">
      <Filter>Source\D3D12</Filter>
    </ClCompile>
    <ClCompile Include="D3D12\D3D12Device.cpp">
      <Filter>Source\D3D12</Filter>
    </ClCompile>
    <ClCompile Include="D3D12\D3D12Resource.cpp">
      <Filter>Source\D3D12</Filter>
    </ClCompile>
    <ClCompile Include="D3D12\D3D12ResourceView.cpp">
      <Filter>Source\D3D12</Filter>
    </ClCompile>
    <ClCompile Include="D3D12\D3D12Utils.cpp">
      <Filter>Source\D3D12</Filter>
    </ClCompile>
    <ClCompile Include="RenderPch.cpp">
      <Filter>Source</Filter>
    </ClCompile>
    <ClCompile Include="D3D12\D3D12PipelineState.cpp">
      <Filter>Source\D3D12</Filter>
    </ClCompile>
    <ClCompile Include="ScreenRenderer.cpp">
      <Filter>Source</Filter>
    </ClCompile>
    <ClCompile Include="D3D12\D3D12CommandContext.cpp">
      <Filter>Source\D3D12</Filter>
    </ClCompile>
    <ClCompile Include="D3D12\D3D12PipelinePass.cpp">
      <Filter>Source\D3D12</Filter>
    </ClCompile>
    <ClCompile Include="D3D12\D3D12Shader.cpp">
      <Filter>Source\D3D12</Filter>
    </ClCompile>
    <ClCompile Include="D3D12\D3D12ConstantBuffer.cpp">
      <Filter>Source\D3D12</Filter>
    </ClCompile>
    <ClCompile Include="D3D12\D3D12RenderTarget.cpp">
      <Filter>Source\D3D12</Filter>
    </ClCompile>
    <ClCompile Include="RenderDoc\RenderDocIntegration.cpp">
      <Filter>Source\RenderDoc</Filter>
    </ClCompile>
    <ClCompile Include="RenderModule.cpp">
      <Filter>Source</Filter>
    </ClCompile>
    <ClCompile Include="D3D12\D3D12Geometry.cpp">
      <Filter>Source\D3D12</Filter>
    </ClCompile>
    <ClCompile Include="D3D12\D3D12GpuQueue.cpp">
      <Filter>Source\D3D12</Filter>
    </ClCompile>
  </ItemGroup>
</Project>