<?xml version="1.0" encoding="utf-8"?>
<Project ToolsVersion="4.0" xmlns="http://schemas.microsoft.com/developer/msbuild/2003">
  <ItemGroup>
    <Filter Include="Source">
      <UniqueIdentifier>{9441621b-2f14-401d-a95b-073b38c36344}</UniqueIdentifier>
    </Filter>
    <Filter Include="Source\RenderDoc">
      <UniqueIdentifier>{dfb55959-32d4-4175-a338-28282183fe0c}</UniqueIdentifier>
    </Filter>
  </ItemGroup>
  <ItemGroup>
    <ClInclude Include="RenderPch.h">
      <Filter>Source</Filter>
    </ClInclude>
    <ClInclude Include="RenderMacros.h">
      <Filter>Source</Filter>
    </ClInclude>
    <ClInclude Include="Texture.h">
      <Filter>Source</Filter>
    </ClInclude>
    <ClInclude Include="ScreenRenderer.h">
      <Filter>Source</Filter>
    </ClInclude>
    <ClInclude Include="RenderDoc\RenderDocIntegration.h">
      <Filter>Source\RenderDoc</Filter>
    </ClInclude>
    <ClInclude Include="RenderModule.h">
      <Filter>Source</Filter>
    </ClInclude>
    <ClInclude Include="WorldRenderer.h">
      <Filter>Source</Filter>
    </ClInclude>
    <ClInclude Include="RenderMaterial.h">
      <Filter>Source</Filter>
    </ClInclude>
    <ClInclude Include="RenderUtils.h">
      <Filter>Source</Filter>
    </ClInclude>
    <ClInclude Include="Light.h">
      <Filter>Source</Filter>
    </ClInclude>
    <ClInclude Include="EnvironmentMap.h">
      <Filter>Source</Filter>
    </ClInclude>
    <ClInclude Include="ImGuiRenderer.h">
      <Filter>Source</Filter>
    </ClInclude>
  </ItemGroup>
  <ItemGroup>
    <ClCompile Include="RenderPch.cpp">
      <Filter>Source</Filter>
    </ClCompile>
    <ClCompile Include="ScreenRenderer.cpp">
      <Filter>Source</Filter>
    </ClCompile>
    <ClCompile Include="RenderDoc\RenderDocIntegration.cpp">
      <Filter>Source\RenderDoc</Filter>
    </ClCompile>
    <ClCompile Include="RenderModule.cpp">
      <Filter>Source</Filter>
    </ClCompile>
    <ClCompile Include="WorldRenderer.cpp">
      <Filter>Source</Filter>
    </ClCompile>
    <ClCompile Include="RenderMaterial.cpp">
      <Filter>Source</Filter>
    </ClCompile>
    <ClCompile Include="RenderUtils.cpp">
      <Filter>Source</Filter>
    </ClCompile>
    <ClCompile Include="EnvironmentMap.cpp">
      <Filter>Source</Filter>
    </ClCompile>
    <ClCompile Include="ImGuiRenderer.cpp">
      <Filter>Source</Filter>
    </ClCompile>
  </ItemGroup>
  <ItemGroup>
    <None Include="packages.config" />
  </ItemGroup>
</Project>